
Microsoft Visual Studio Solution File, Format Version 12.00
# Visual Studio Version 16
VisualStudioVersion = 16.0.34601.136
MinimumVisualStudioVersion = 10.0.40219.1
Project("{FAE04EC0-301F-11D3-BF4B-00C04F79EFBC}") = "BTLinq2_PhanLeVanMinh", "BTLinq2_PhanLeVanMinh\BTLinq2_PhanLeVanMinh.csproj", "{5241FBAB-B04E-4268-BE8E-DE2BD402766D}"
EndProject
Global
	GlobalSection(SolutionConfigurationPlatforms) = preSolution
		Debug|Any CPU = Debug|Any CPU
		Release|Any CPU = Release|Any CPU
	EndGlobalSection
	GlobalSection(ProjectConfigurationPlatforms) = postSolution
		{5241FBAB-B04E-4268-BE8E-DE2BD402766D}.Debug|Any CPU.ActiveCfg = Debug|Any CPU
		{5241FBAB-B04E-4268-BE8E-DE2BD402766D}.Debug|Any CPU.Build.0 = Debug|Any CPU
		{5241FBAB-B04E-4268-BE8E-DE2BD402766D}.Release|Any CPU.ActiveCfg = Release|Any CPU
		{5241FBAB-B04E-4268-BE8E-DE2BD402766D}.Release|Any CPU.Build.0 = Release|Any CPU
	EndGlobalSection
	GlobalSection(SolutionProperties) = preSolution
		HideSolutionNode = FALSE
	EndGlobalSection
	GlobalSection(ExtensibilityGlobals) = postSolution
		SolutionGuid = {A15E4C11-8619-46A4-8B85-5EA12305B301}
	EndGlobalSection
EndGlobal
